
Microsoft Visual Studio Solution File, Format Version 12.00
# Visual Studio Version 17
VisualStudioVersion = 17.11.35208.52
MinimumVisualStudioVersion = 10.0.40219.1
Project("{9A19103F-16F7-4668-BE54-9A1E7A4F7556}") = "DotNetWrappers", "DotNetWrappers\DotNetWrappers.csproj", "{804F634D-CF16-40A8-8BCE-A7F081E52C60}"
EndProject
Project("{9A19103F-16F7-4668-BE54-9A1E7A4F7556}") = "DotNetWrappers.Tests", "DotNetWrappers.Tests\DotNetWrappers.Tests.csproj", "{D8C40203-F0D9-4570-8400-208308CA0C6E}"
EndProject
Project("{FAE04EC0-301F-11D3-BF4B-00C04F79EFBC}") = "DotNetWrappers.Tests.Integration", "..\DotNetWrappers.Tests.Integration\DotNetWrappers.Tests.Integration.csproj", "{3A6E2FBC-6414-4768-A80F-D38C73EFD700}"
EndProject
Global
	GlobalSection(SolutionConfigurationPlatforms) = preSolution
		Debug|Any CPU = Debug|Any CPU
		Release|Any CPU = Release|Any CPU
	EndGlobalSection
	GlobalSection(ProjectConfigurationPlatforms) = postSolution
		{804F634D-CF16-40A8-8BCE-A7F081E52C60}.Debug|Any CPU.ActiveCfg = Debug|Any CPU
		{804F634D-CF16-40A8-8BCE-A7F081E52C60}.Debug|Any CPU.Build.0 = Debug|Any CPU
		{804F634D-CF16-40A8-8BCE-A7F081E52C60}.Release|Any CPU.ActiveCfg = Release|Any CPU
		{804F634D-CF16-40A8-8BCE-A7F081E52C60}.Release|Any CPU.Build.0 = Release|Any CPU
		{D8C40203-F0D9-4570-8400-208308CA0C6E}.Debug|Any CPU.ActiveCfg = Debug|Any CPU
		{D8C40203-F0D9-4570-8400-208308CA0C6E}.Debug|Any CPU.Build.0 = Debug|Any CPU
		{D8C40203-F0D9-4570-8400-208308CA0C6E}.Release|Any CPU.ActiveCfg = Release|Any CPU
		{D8C40203-F0D9-4570-8400-208308CA0C6E}.Release|Any CPU.Build.0 = Release|Any CPU
		{3A6E2FBC-6414-4768-A80F-D38C73EFD700}.Debug|Any CPU.ActiveCfg = Debug|Any CPU
		{3A6E2FBC-6414-4768-A80F-D38C73EFD700}.Debug|Any CPU.Build.0 = Debug|Any CPU
		{3A6E2FBC-6414-4768-A80F-D38C73EFD700}.Release|Any CPU.ActiveCfg = Release|Any CPU
		{3A6E2FBC-6414-4768-A80F-D38C73EFD700}.Release|Any CPU.Build.0 = Release|Any CPU
	EndGlobalSection
	GlobalSection(SolutionProperties) = preSolution
		HideSolutionNode = FALSE
	EndGlobalSection
	GlobalSection(ExtensibilityGlobals) = postSolution
		SolutionGuid = {53354CB7-F999-4F1A-A035-A3170D531992}
	EndGlobalSection
EndGlobal
